
Microsoft Visual Studio Solution File, Format Version 11.00
# Visual Studio 2010
Project("{FAE04EC0-301F-11D3-BF4B-00C04F79EFBC}") = "O2_Misc_Microsoft_MPL_Libs", "..\Misc_Microsoft_MPL_Libs\O2_Misc_Microsoft_MPL_Libs.csproj", "{BB1489A2-57AB-4A8D-A4DA-7C7E444512B8}"
EndProject
Project("{FAE04EC0-301F-11D3-BF4B-00C04F79EFBC}") = "O2_External_SharpDevelop", "..\O2_External_SharpDevelop\O2_External_SharpDevelop.csproj", "{E76BCE43-8511-4CE8-A965-C0150F713CE9}"
EndProject
Project("{FAE04EC0-301F-11D3-BF4B-00C04F79EFBC}") = "O2_External_IE", "..\O2_External_IE\O2_External_IE.csproj", "{F6942664-5E64-4182-B3EB-11F481F461FB}"
EndProject
Project("{FAE04EC0-301F-11D3-BF4B-00C04F79EFBC}") = "O2.FluentSharp.BCL", "..\..\O2.FluentSharp\O2.FluentSharp.BCL\O2.FluentSharp.BCL.csproj", "{DF7E73CB-02AC-4689-BB8C-AC21FFCCDDC5}"
EndProject
Project("{FAE04EC0-301F-11D3-BF4B-00C04F79EFBC}") = "O2.FluentSharp.CoreLib", "..\..\O2.FluentSharp\O2.FluentSharp.CoreLib\O2.FluentSharp.CoreLib.csproj", "{0A7CE0E0-B092-43B5-AB80-99BA909019C9}"
EndProject
Project("{2150E333-8FDC-42A3-9474-1A3956D46DE8}") = "FluentSharp", "FluentSharp", "{AA501B54-FD82-4D72-941A-51B920FA9D34}"
EndProject
Project("{2150E333-8FDC-42A3-9474-1A3956D46DE8}") = "Projects required for ScriptEditor", "Projects required for ScriptEditor", "{6FCA1DD0-DFF6-48E3-9EE2-2D887360EB13}"
EndProject
Project("{FAE04EC0-301F-11D3-BF4B-00C04F79EFBC}") = "O2.VisualStudio.AddIn", "..\O2.VisualStudio.AddIn\O2.VisualStudio.AddIn.csproj", "{B7428492-91D8-4B25-936C-7EA58DB0F01B}"
EndProject
Project("{FAE04EC0-301F-11D3-BF4B-00C04F79EFBC}") = "O2.FluentSharp.NGit", "..\..\O2.FluentSharp\O2.FluentSharp.NGit\O2.FluentSharp.NGit.csproj", "{B1AAFDA3-2A9F-4BBD-9A08-F0890BA886C1}"
EndProject
Project("{FAE04EC0-301F-11D3-BF4B-00C04F79EFBC}") = "O2.FluentSharp.Roslyn", "..\..\O2.FluentSharp\O2.FluentSharp.Roslyn\O2.FluentSharp.Roslyn.csproj", "{1D5E7298-537E-409B-8059-2040CA60B55A}"
EndProject
Project("{FAE04EC0-301F-11D3-BF4B-00C04F79EFBC}") = "O2_Platform", "..\O2.Platform.exe\O2_Platform.csproj", "{83957D55-86AB-4C26-9F82-6182999F09E8}"
	ProjectSection(ProjectDependencies) = postProject
		{E76BCE43-8511-4CE8-A965-C0150F713CE9} = {E76BCE43-8511-4CE8-A965-C0150F713CE9}
		{F6942664-5E64-4182-B3EB-11F481F461FB} = {F6942664-5E64-4182-B3EB-11F481F461FB}
		{EED5F98D-00BA-4D9B-A9E7-A7794AD50132} = {EED5F98D-00BA-4D9B-A9E7-A7794AD50132}
		{B7428492-91D8-4B25-936C-7EA58DB0F01B} = {B7428492-91D8-4B25-936C-7EA58DB0F01B}
		{1D5E7298-537E-409B-8059-2040CA60B55A} = {1D5E7298-537E-409B-8059-2040CA60B55A}
		{BB1489A2-57AB-4A8D-A4DA-7C7E444512B8} = {BB1489A2-57AB-4A8D-A4DA-7C7E444512B8}
		{B1AAFDA3-2A9F-4BBD-9A08-F0890BA886C1} = {B1AAFDA3-2A9F-4BBD-9A08-F0890BA886C1}
		{DF7E73CB-02AC-4689-BB8C-AC21FFCCDDC5} = {DF7E73CB-02AC-4689-BB8C-AC21FFCCDDC5}
		{0A7CE0E0-B092-43B5-AB80-99BA909019C9} = {0A7CE0E0-B092-43B5-AB80-99BA909019C9}
		{D742BBEF-BFDC-477F-9880-5E0E2C89B6B2} = {D742BBEF-BFDC-477F-9880-5E0E2C89B6B2}
	EndProjectSection
EndProject
Project("{FAE04EC0-301F-11D3-BF4B-00C04F79EFBC}") = "O2_Platform_3.5_x86", "..\O2.Platform.exe_3.5_x86\O2_Platform_3.5_x86.csproj", "{FA9C85CC-70A7-4F0B-9816-16AC0128BFED}"
EndProject
Project("{FAE04EC0-301F-11D3-BF4B-00C04F79EFBC}") = "O2_Platform_3.5_x64", "..\O2.Platform.exe_3.5_x64\O2_Platform_3.5_x64.csproj", "{65AD96BC-A489-43EF-8BA9-75AA57F05106}"
EndProject
Project("{FAE04EC0-301F-11D3-BF4B-00C04F79EFBC}") = "O2_Platform_4.0_x64", "..\O2.Platform.exe_4.0_x64\O2_Platform_4.0_x64.csproj", "{9857DA99-B060-467C-ACAC-A55C5D46A02C}"
EndProject
Project("{FAE04EC0-301F-11D3-BF4B-00C04F79EFBC}") = "O2_External_WinFormsUI", "..\O2_External_WinFormsUI\O2_External_WinFormsUI.csproj", "{EED5F98D-00BA-4D9B-A9E7-A7794AD50132}"
EndProject
Project("{FAE04EC0-301F-11D3-BF4B-00C04F79EFBC}") = "O2.FluentSharp.REPL", "..\..\O2.FluentSharp\O2.FluentSharp.REPL\O2.FluentSharp.REPL.csproj", "{D742BBEF-BFDC-477F-9880-5E0E2C89B6B2}"
EndProject
Global
	GlobalSection(SolutionConfigurationPlatforms) = preSolution
		Debug|Any CPU = Debug|Any CPU
		Release|Any CPU = Release|Any CPU
	EndGlobalSection
	GlobalSection(ProjectConfigurationPlatforms) = postSolution
		{BB1489A2-57AB-4A8D-A4DA-7C7E444512B8}.Debug|Any CPU.ActiveCfg = Debug|Any CPU
		{BB1489A2-57AB-4A8D-A4DA-7C7E444512B8}.Debug|Any CPU.Build.0 = Debug|Any CPU
		{BB1489A2-57AB-4A8D-A4DA-7C7E444512B8}.Release|Any CPU.ActiveCfg = Release|Any CPU
		{BB1489A2-57AB-4A8D-A4DA-7C7E444512B8}.Release|Any CPU.Build.0 = Release|Any CPU
		{E76BCE43-8511-4CE8-A965-C0150F713CE9}.Debug|Any CPU.ActiveCfg = Debug|Any CPU
		{E76BCE43-8511-4CE8-A965-C0150F713CE9}.Debug|Any CPU.Build.0 = Debug|Any CPU
		{E76BCE43-8511-4CE8-A965-C0150F713CE9}.Release|Any CPU.ActiveCfg = Release|Any CPU
		{E76BCE43-8511-4CE8-A965-C0150F713CE9}.Release|Any CPU.Build.0 = Release|Any CPU
		{F6942664-5E64-4182-B3EB-11F481F461FB}.Debug|Any CPU.ActiveCfg = Debug|Any CPU
		{F6942664-5E64-4182-B3EB-11F481F461FB}.Debug|Any CPU.Build.0 = Debug|Any CPU
		{F6942664-5E64-4182-B3EB-11F481F461FB}.Release|Any CPU.ActiveCfg = Release|Any CPU
		{F6942664-5E64-4182-B3EB-11F481F461FB}.Release|Any CPU.Build.0 = Release|Any CPU
		{DF7E73CB-02AC-4689-BB8C-AC21FFCCDDC5}.Debug|Any CPU.ActiveCfg = Debug|Any CPU
		{DF7E73CB-02AC-4689-BB8C-AC21FFCCDDC5}.Debug|Any CPU.Build.0 = Debug|Any CPU
		{DF7E73CB-02AC-4689-BB8C-AC21FFCCDDC5}.Release|Any CPU.ActiveCfg = Release|Any CPU
		{DF7E73CB-02AC-4689-BB8C-AC21FFCCDDC5}.Release|Any CPU.Build.0 = Release|Any CPU
		{0A7CE0E0-B092-43B5-AB80-99BA909019C9}.Debug|Any CPU.ActiveCfg = Debug|Any CPU
		{0A7CE0E0-B092-43B5-AB80-99BA909019C9}.Debug|Any CPU.Build.0 = Debug|Any CPU
		{0A7CE0E0-B092-43B5-AB80-99BA909019C9}.Release|Any CPU.ActiveCfg = Release|Any CPU
		{0A7CE0E0-B092-43B5-AB80-99BA909019C9}.Release|Any CPU.Build.0 = Release|Any CPU
		{B7428492-91D8-4B25-936C-7EA58DB0F01B}.Debug|Any CPU.ActiveCfg = Debug|Any CPU
		{B7428492-91D8-4B25-936C-7EA58DB0F01B}.Debug|Any CPU.Build.0 = Debug|Any CPU
		{B7428492-91D8-4B25-936C-7EA58DB0F01B}.Release|Any CPU.ActiveCfg = Release|Any CPU
		{B7428492-91D8-4B25-936C-7EA58DB0F01B}.Release|Any CPU.Build.0 = Release|Any CPU
		{B1AAFDA3-2A9F-4BBD-9A08-F0890BA886C1}.Debug|Any CPU.ActiveCfg = Debug|Any CPU
		{B1AAFDA3-2A9F-4BBD-9A08-F0890BA886C1}.Debug|Any CPU.Build.0 = Debug|Any CPU
		{B1AAFDA3-2A9F-4BBD-9A08-F0890BA886C1}.Release|Any CPU.ActiveCfg = Release|Any CPU
		{B1AAFDA3-2A9F-4BBD-9A08-F0890BA886C1}.Release|Any CPU.Build.0 = Release|Any CPU
		{1D5E7298-537E-409B-8059-2040CA60B55A}.Debug|Any CPU.ActiveCfg = Debug|Any CPU
		{1D5E7298-537E-409B-8059-2040CA60B55A}.Debug|Any CPU.Build.0 = Debug|Any CPU
		{1D5E7298-537E-409B-8059-2040CA60B55A}.Release|Any CPU.ActiveCfg = Release|Any CPU
		{1D5E7298-537E-409B-8059-2040CA60B55A}.Release|Any CPU.Build.0 = Release|Any CPU
		{83957D55-86AB-4C26-9F82-6182999F09E8}.Debug|Any CPU.ActiveCfg = Debug|Any CPU
		{83957D55-86AB-4C26-9F82-6182999F09E8}.Debug|Any CPU.Build.0 = Debug|Any CPU
		{83957D55-86AB-4C26-9F82-6182999F09E8}.Release|Any CPU.ActiveCfg = Release|Any CPU
		{83957D55-86AB-4C26-9F82-6182999F09E8}.Release|Any CPU.Build.0 = Release|Any CPU
		{FA9C85CC-70A7-4F0B-9816-16AC0128BFED}.Debug|Any CPU.ActiveCfg = Debug|Any CPU
		{FA9C85CC-70A7-4F0B-9816-16AC0128BFED}.Debug|Any CPU.Build.0 = Debug|Any CPU
		{FA9C85CC-70A7-4F0B-9816-16AC0128BFED}.Release|Any CPU.ActiveCfg = Release|Any CPU
		{FA9C85CC-70A7-4F0B-9816-16AC0128BFED}.Release|Any CPU.Build.0 = Release|Any CPU
		{65AD96BC-A489-43EF-8BA9-75AA57F05106}.Debug|Any CPU.ActiveCfg = Debug|Any CPU
		{65AD96BC-A489-43EF-8BA9-75AA57F05106}.Debug|Any CPU.Build.0 = Debug|Any CPU
		{65AD96BC-A489-43EF-8BA9-75AA57F05106}.Release|Any CPU.ActiveCfg = Release|Any CPU
		{65AD96BC-A489-43EF-8BA9-75AA57F05106}.Release|Any CPU.Build.0 = Release|Any CPU
		{9857DA99-B060-467C-ACAC-A55C5D46A02C}.Debug|Any CPU.ActiveCfg = Debug|Any CPU
		{9857DA99-B060-467C-ACAC-A55C5D46A02C}.Debug|Any CPU.Build.0 = Debug|Any CPU
		{9857DA99-B060-467C-ACAC-A55C5D46A02C}.Release|Any CPU.ActiveCfg = Release|Any CPU
		{9857DA99-B060-467C-ACAC-A55C5D46A02C}.Release|Any CPU.Build.0 = Release|Any CPU
		{EED5F98D-00BA-4D9B-A9E7-A7794AD50132}.Debug|Any CPU.ActiveCfg = Debug|Any CPU
		{EED5F98D-00BA-4D9B-A9E7-A7794AD50132}.Debug|Any CPU.Build.0 = Debug|Any CPU
		{EED5F98D-00BA-4D9B-A9E7-A7794AD50132}.Release|Any CPU.ActiveCfg = Release|Any CPU
		{EED5F98D-00BA-4D9B-A9E7-A7794AD50132}.Release|Any CPU.Build.0 = Release|Any CPU
		{D742BBEF-BFDC-477F-9880-5E0E2C89B6B2}.Debug|Any CPU.ActiveCfg = Debug|Any CPU
		{D742BBEF-BFDC-477F-9880-5E0E2C89B6B2}.Debug|Any CPU.Build.0 = Debug|Any CPU
		{D742BBEF-BFDC-477F-9880-5E0E2C89B6B2}.Release|Any CPU.ActiveCfg = Release|Any CPU
		{D742BBEF-BFDC-477F-9880-5E0E2C89B6B2}.Release|Any CPU.Build.0 = Release|Any CPU
	EndGlobalSection
	GlobalSection(SolutionProperties) = preSolution
		HideSolutionNode = FALSE
	EndGlobalSection
	GlobalSection(NestedProjects) = preSolution
		{E76BCE43-8511-4CE8-A965-C0150F713CE9} = {6FCA1DD0-DFF6-48E3-9EE2-2D887360EB13}
		{F6942664-5E64-4182-B3EB-11F481F461FB} = {6FCA1DD0-DFF6-48E3-9EE2-2D887360EB13}
		{BB1489A2-57AB-4A8D-A4DA-7C7E444512B8} = {6FCA1DD0-DFF6-48E3-9EE2-2D887360EB13}
		{EED5F98D-00BA-4D9B-A9E7-A7794AD50132} = {6FCA1DD0-DFF6-48E3-9EE2-2D887360EB13}
		{0A7CE0E0-B092-43B5-AB80-99BA909019C9} = {AA501B54-FD82-4D72-941A-51B920FA9D34}
		{DF7E73CB-02AC-4689-BB8C-AC21FFCCDDC5} = {AA501B54-FD82-4D72-941A-51B920FA9D34}
		{B1AAFDA3-2A9F-4BBD-9A08-F0890BA886C1} = {AA501B54-FD82-4D72-941A-51B920FA9D34}
		{1D5E7298-537E-409B-8059-2040CA60B55A} = {AA501B54-FD82-4D72-941A-51B920FA9D34}
		{D742BBEF-BFDC-477F-9880-5E0E2C89B6B2} = {AA501B54-FD82-4D72-941A-51B920FA9D34}
	EndGlobalSection
EndGlobal
