
Microsoft Visual Studio Solution File, Format Version 11.00
# Visual Studio 2010
Project("{FAE04EC0-301F-11D3-BF4B-00C04F79EFBC}") = "O2_Platform", "..\O2.Platform.exe\O2_Platform.csproj", "{83957D55-86AB-4C26-9F82-6182999F09E8}"
	ProjectSection(ProjectDependencies) = postProject
		{DF7E73CB-02AC-4689-BB8C-AC21FFCCDDC5} = {DF7E73CB-02AC-4689-BB8C-AC21FFCCDDC5}
		{0A7CE0E0-B092-43B5-AB80-99BA909019C9} = {0A7CE0E0-B092-43B5-AB80-99BA909019C9}
	EndProjectSection
EndProject
Project("{2150E333-8FDC-42A3-9474-1A3956D46DE8}") = "FluentSharp", "FluentSharp", "{AA501B54-FD82-4D72-941A-51B920FA9D34}"
EndProject
Project("{FAE04EC0-301F-11D3-BF4B-00C04F79EFBC}") = "O2.FluentSharp.CoreLib", "..\..\O2.FluentSharp\O2.FluentSharp.CoreLib\O2.FluentSharp.CoreLib.csproj", "{0A7CE0E0-B092-43B5-AB80-99BA909019C9}"
EndProject
Project("{FAE04EC0-301F-11D3-BF4B-00C04F79EFBC}") = "O2.FluentSharp.BCL", "..\..\O2.FluentSharp\O2.FluentSharp.BCL\O2.FluentSharp.BCL.csproj", "{DF7E73CB-02AC-4689-BB8C-AC21FFCCDDC5}"
EndProject
Project("{2150E333-8FDC-42A3-9474-1A3956D46DE8}") = "Projects required for ScriptEditor", "Projects required for ScriptEditor", "{6FCA1DD0-DFF6-48E3-9EE2-2D887360EB13}"
EndProject
Project("{FAE04EC0-301F-11D3-BF4B-00C04F79EFBC}") = "O2_External_SharpDevelop", "..\O2_External_SharpDevelop\O2_External_SharpDevelop.csproj", "{E76BCE43-8511-4CE8-A965-C0150F713CE9}"
EndProject
Project("{FAE04EC0-301F-11D3-BF4B-00C04F79EFBC}") = "O2_External_IE", "..\O2_External_IE\O2_External_IE.csproj", "{F6942664-5E64-4182-B3EB-11F481F461FB}"
EndProject
Project("{FAE04EC0-301F-11D3-BF4B-00C04F79EFBC}") = "O2_API_AST", "..\O2_API_AST\O2_API_AST.csproj", "{0E18EDC8-718D-4E77-BFC4-4F930741B2FD}"
EndProject
Project("{FAE04EC0-301F-11D3-BF4B-00C04F79EFBC}") = "O2_SharpDevelop", "..\O2_SharpDevelop\O2_SharpDevelop.csproj", "{2483564D-4343-4624-A0C6-63ABC932544A}"
EndProject
Project("{FAE04EC0-301F-11D3-BF4B-00C04F79EFBC}") = "O2_Misc_Microsoft_MPL_Libs", "..\Misc_Microsoft_MPL_Libs\O2_Misc_Microsoft_MPL_Libs.csproj", "{BB1489A2-57AB-4A8D-A4DA-7C7E444512B8}"
EndProject
Global
	GlobalSection(SolutionConfigurationPlatforms) = preSolution
		Debug|Any CPU = Debug|Any CPU
		Release|Any CPU = Release|Any CPU
	EndGlobalSection
	GlobalSection(ProjectConfigurationPlatforms) = postSolution
		{0A7CE0E0-B092-43B5-AB80-99BA909019C9}.Debug|Any CPU.ActiveCfg = Debug|Any CPU
		{0A7CE0E0-B092-43B5-AB80-99BA909019C9}.Debug|Any CPU.Build.0 = Debug|Any CPU
		{0A7CE0E0-B092-43B5-AB80-99BA909019C9}.Release|Any CPU.ActiveCfg = Release|Any CPU
		{0A7CE0E0-B092-43B5-AB80-99BA909019C9}.Release|Any CPU.Build.0 = Release|Any CPU
		{0E18EDC8-718D-4E77-BFC4-4F930741B2FD}.Debug|Any CPU.ActiveCfg = Debug|Any CPU
		{0E18EDC8-718D-4E77-BFC4-4F930741B2FD}.Debug|Any CPU.Build.0 = Debug|Any CPU
		{0E18EDC8-718D-4E77-BFC4-4F930741B2FD}.Release|Any CPU.ActiveCfg = Release|Any CPU
		{0E18EDC8-718D-4E77-BFC4-4F930741B2FD}.Release|Any CPU.Build.0 = Release|Any CPU
		{2483564D-4343-4624-A0C6-63ABC932544A}.Debug|Any CPU.ActiveCfg = Debug|Any CPU
		{2483564D-4343-4624-A0C6-63ABC932544A}.Debug|Any CPU.Build.0 = Debug|Any CPU
		{2483564D-4343-4624-A0C6-63ABC932544A}.Release|Any CPU.ActiveCfg = Release|Any CPU
		{2483564D-4343-4624-A0C6-63ABC932544A}.Release|Any CPU.Build.0 = Release|Any CPU
		{83957D55-86AB-4C26-9F82-6182999F09E8}.Debug|Any CPU.ActiveCfg = Debug|Any CPU
		{83957D55-86AB-4C26-9F82-6182999F09E8}.Debug|Any CPU.Build.0 = Debug|Any CPU
		{83957D55-86AB-4C26-9F82-6182999F09E8}.Release|Any CPU.ActiveCfg = Release|Any CPU
		{83957D55-86AB-4C26-9F82-6182999F09E8}.Release|Any CPU.Build.0 = Release|Any CPU
		{BB1489A2-57AB-4A8D-A4DA-7C7E444512B8}.Debug|Any CPU.ActiveCfg = Debug|Any CPU
		{BB1489A2-57AB-4A8D-A4DA-7C7E444512B8}.Debug|Any CPU.Build.0 = Debug|Any CPU
		{BB1489A2-57AB-4A8D-A4DA-7C7E444512B8}.Release|Any CPU.ActiveCfg = Release|Any CPU
		{BB1489A2-57AB-4A8D-A4DA-7C7E444512B8}.Release|Any CPU.Build.0 = Release|Any CPU
		{DF7E73CB-02AC-4689-BB8C-AC21FFCCDDC5}.Debug|Any CPU.ActiveCfg = Debug|Any CPU
		{DF7E73CB-02AC-4689-BB8C-AC21FFCCDDC5}.Debug|Any CPU.Build.0 = Debug|Any CPU
		{DF7E73CB-02AC-4689-BB8C-AC21FFCCDDC5}.Release|Any CPU.ActiveCfg = Release|Any CPU
		{DF7E73CB-02AC-4689-BB8C-AC21FFCCDDC5}.Release|Any CPU.Build.0 = Release|Any CPU
		{E76BCE43-8511-4CE8-A965-C0150F713CE9}.Debug|Any CPU.ActiveCfg = Debug|Any CPU
		{E76BCE43-8511-4CE8-A965-C0150F713CE9}.Debug|Any CPU.Build.0 = Debug|Any CPU
		{E76BCE43-8511-4CE8-A965-C0150F713CE9}.Release|Any CPU.ActiveCfg = Release|Any CPU
		{E76BCE43-8511-4CE8-A965-C0150F713CE9}.Release|Any CPU.Build.0 = Release|Any CPU
		{F6942664-5E64-4182-B3EB-11F481F461FB}.Debug|Any CPU.ActiveCfg = Debug|Any CPU
		{F6942664-5E64-4182-B3EB-11F481F461FB}.Debug|Any CPU.Build.0 = Debug|Any CPU
		{F6942664-5E64-4182-B3EB-11F481F461FB}.Release|Any CPU.ActiveCfg = Release|Any CPU
		{F6942664-5E64-4182-B3EB-11F481F461FB}.Release|Any CPU.Build.0 = Release|Any CPU
	EndGlobalSection
	GlobalSection(NestedProjects) = preSolution
		{0A7CE0E0-B092-43B5-AB80-99BA909019C9} = {AA501B54-FD82-4D72-941A-51B920FA9D34}
		{DF7E73CB-02AC-4689-BB8C-AC21FFCCDDC5} = {AA501B54-FD82-4D72-941A-51B920FA9D34}
		{E76BCE43-8511-4CE8-A965-C0150F713CE9} = {6FCA1DD0-DFF6-48E3-9EE2-2D887360EB13}
		{F6942664-5E64-4182-B3EB-11F481F461FB} = {6FCA1DD0-DFF6-48E3-9EE2-2D887360EB13}
		{0E18EDC8-718D-4E77-BFC4-4F930741B2FD} = {6FCA1DD0-DFF6-48E3-9EE2-2D887360EB13}
		{2483564D-4343-4624-A0C6-63ABC932544A} = {6FCA1DD0-DFF6-48E3-9EE2-2D887360EB13}
		{BB1489A2-57AB-4A8D-A4DA-7C7E444512B8} = {6FCA1DD0-DFF6-48E3-9EE2-2D887360EB13}
	EndGlobalSection
	GlobalSection(MonoDevelopProperties) = preSolution
		StartupItem = ..\O2.Platform.exe\O2_Platform.csproj
	EndGlobalSection
	GlobalSection(SolutionProperties) = preSolution
		HideSolutionNode = FALSE
	EndGlobalSection
EndGlobal
