
Microsoft Visual Studio Solution File, Format Version 11.00
# Visual Studio 2010
Project("{FAE04EC0-301F-11D3-BF4B-00C04F79EFBC}") = "O2.VisualStudio.AddIn", "..\O2.VisualStudio.AddIn\O2.VisualStudio.AddIn.csproj", "{B7428492-91D8-4B25-936C-7EA58DB0F01B}"
EndProject
Project("{FAE04EC0-301F-11D3-BF4B-00C04F79EFBC}") = "O2.FluentSharp", "..\..\O2.FluentSharp\O2.FluentSharp.csproj", "{38668C2E-A66E-4B3C-8CE9-2740FB1CB2BB}"
EndProject
Project("{FAE04EC0-301F-11D3-BF4B-00C04F79EFBC}") = "O2.Platform.BCL", "..\O2.Platform.Projects\O2.Platform.BCL\O2.Platform.BCL.csproj", "{D720148A-1AAD-47BD-9B4F-D5F4960E7AC5}"
EndProject
Global
	GlobalSection(SolutionConfigurationPlatforms) = preSolution
		Debug|Any CPU = Debug|Any CPU
		Release|Any CPU = Release|Any CPU
	EndGlobalSection
	GlobalSection(ProjectConfigurationPlatforms) = postSolution
		{B7428492-91D8-4B25-936C-7EA58DB0F01B}.Debug|Any CPU.ActiveCfg = Debug|Any CPU
		{B7428492-91D8-4B25-936C-7EA58DB0F01B}.Debug|Any CPU.Build.0 = Debug|Any CPU
		{B7428492-91D8-4B25-936C-7EA58DB0F01B}.Release|Any CPU.ActiveCfg = Release|Any CPU
		{B7428492-91D8-4B25-936C-7EA58DB0F01B}.Release|Any CPU.Build.0 = Release|Any CPU
		{38668C2E-A66E-4B3C-8CE9-2740FB1CB2BB}.Debug|Any CPU.ActiveCfg = Debug|Any CPU
		{38668C2E-A66E-4B3C-8CE9-2740FB1CB2BB}.Debug|Any CPU.Build.0 = Debug|Any CPU
		{38668C2E-A66E-4B3C-8CE9-2740FB1CB2BB}.Release|Any CPU.ActiveCfg = Release|Any CPU
		{38668C2E-A66E-4B3C-8CE9-2740FB1CB2BB}.Release|Any CPU.Build.0 = Release|Any CPU
		{D720148A-1AAD-47BD-9B4F-D5F4960E7AC5}.Debug|Any CPU.ActiveCfg = Debug|Any CPU
		{D720148A-1AAD-47BD-9B4F-D5F4960E7AC5}.Debug|Any CPU.Build.0 = Debug|Any CPU
		{D720148A-1AAD-47BD-9B4F-D5F4960E7AC5}.Release|Any CPU.ActiveCfg = Release|Any CPU
		{D720148A-1AAD-47BD-9B4F-D5F4960E7AC5}.Release|Any CPU.Build.0 = Release|Any CPU
	EndGlobalSection
	GlobalSection(SolutionProperties) = preSolution
		HideSolutionNode = FALSE
	EndGlobalSection
EndGlobal
